// !$*UTF8*$!
{
	archiveVersion = 1;
	classes = {
	};
	objectVersion = 48;
	objects = {

/* Begin PBXBuildFile section */
		DA4123361FFB2C070064A083 /* main.m in Sources */ = {isa = PBXBuildFile; fileRef = DA4123351FFB2C070064A083 /* main.m */; };
		DA4123401FFB2C5D0064A083 /* XYDataBlock.m in Sources */ = {isa = PBXBuildFile; fileRef = DA41233F1FFB2C5D0064A083 /* XYDataBlock.m */; };
		DA4123431FFB2C720064A083 /* XYDataContainer.m in Sources */ = {isa = PBXBuildFile; fileRef = DA4123421FFB2C720064A083 /* XYDataContainer.m */; };
		DA4123471FFB2D3C0064A083 /* XYDataConstant.m in Sources */ = {isa = PBXBuildFile; fileRef = DA4123461FFB2D3C0064A083 /* XYDataConstant.m */; };
		DA41234B1FFB30CF0064A083 /* XYMergeableObject.m in Sources */ = {isa = PBXBuildFile; fileRef = DA41234A1FFB30CF0064A083 /* XYMergeableObject.m */; };
/* End PBXBuildFile section */

/* Begin PBXCopyFilesBuildPhase section */
		DA4123301FFB2C070064A083 /* CopyFiles */ = {
			isa = PBXCopyFilesBuildPhase;
			buildActionMask = 2147483647;
			dstPath = /usr/share/man/man1/;
			dstSubfolderSpec = 0;
			files = (
			);
			runOnlyForDeploymentPostprocessing = 1;
		};
/* End PBXCopyFilesBuildPhase section */

/* Begin PBXFileReference section */
		DA4123321FFB2C070064A083 /* matterhorn */ = {isa = PBXFileReference; explicitFileType = "compiled.mach-o.executable"; includeInIndex = 0; path = matterhorn; sourceTree = BUILT_PRODUCTS_DIR; };
		DA4123351FFB2C070064A083 /* main.m */ = {isa = PBXFileReference; lastKnownFileType = sourcecode.c.objc; path = main.m; sourceTree = "<group>"; };
		DA41233E1FFB2C5D0064A083 /* XYDataBlock.h */ = {isa = PBXFileReference; lastKnownFileType = sourcecode.c.h; path = XYDataBlock.h; sourceTree = "<group>"; };
		DA41233F1FFB2C5D0064A083 /* XYDataBlock.m */ = {isa = PBXFileReference; lastKnownFileType = sourcecode.c.objc; path = XYDataBlock.m; sourceTree = "<group>"; };
		DA4123411FFB2C720064A083 /* XYDataContainer.h */ = {isa = PBXFileReference; lastKnownFileType = sourcecode.c.h; path = XYDataContainer.h; sourceTree = "<group>"; };
		DA4123421FFB2C720064A083 /* XYDataContainer.m */ = {isa = PBXFileReference; lastKnownFileType = sourcecode.c.objc; path = XYDataContainer.m; sourceTree = "<group>"; };
		DA4123441FFB2CBB0064A083 /* XYDataProtocol.h */ = {isa = PBXFileReference; lastKnownFileType = sourcecode.c.h; path = XYDataProtocol.h; sourceTree = "<group>"; };
		DA4123451FFB2D3C0064A083 /* XYDataConstant.h */ = {isa = PBXFileReference; lastKnownFileType = sourcecode.c.h; path = XYDataConstant.h; sourceTree = "<group>"; };
		DA4123461FFB2D3C0064A083 /* XYDataConstant.m */ = {isa = PBXFileReference; lastKnownFileType = sourcecode.c.objc; path = XYDataConstant.m; sourceTree = "<group>"; };
		DA4123491FFB30CF0064A083 /* XYMergeableObject.h */ = {isa = PBXFileReference; lastKnownFileType = sourcecode.c.h; path = XYMergeableObject.h; sourceTree = "<group>"; };
		DA41234A1FFB30CF0064A083 /* XYMergeableObject.m */ = {isa = PBXFileReference; lastKnownFileType = sourcecode.c.objc; path = XYMergeableObject.m; sourceTree = "<group>"; };
		DA41234C1FFB32040064A083 /* XYMatterhorn.h */ = {isa = PBXFileReference; lastKnownFileType = sourcecode.c.h; name = XYMatterhorn.h; path = matterhorn/framework/XYMatterhorn.h; sourceTree = SOURCE_ROOT; };
/* End PBXFileReference section */

/* Begin PBXFrameworksBuildPhase section */
		DA41232F1FFB2C070064A083 /* Frameworks */ = {
			isa = PBXFrameworksBuildPhase;
			buildActionMask = 2147483647;
			files = (
			);
			runOnlyForDeploymentPostprocessing = 0;
		};
/* End PBXFrameworksBuildPhase section */

/* Begin PBXGroup section */
		DA4123291FFB2C070064A083 = {
			isa = PBXGroup;
			children = (
				DA4123341FFB2C070064A083 /* matterhorn */,
				DA4123331FFB2C070064A083 /* Products */,
			);
			sourceTree = "<group>";
		};
		DA4123331FFB2C070064A083 /* Products */ = {
			isa = PBXGroup;
			children = (
				DA4123321FFB2C070064A083 /* matterhorn */,
			);
			name = Products;
			sourceTree = "<group>";
		};
		DA4123341FFB2C070064A083 /* matterhorn */ = {
			isa = PBXGroup;
			children = (
				DA41233D1FFB2C490064A083 /* framework */,
				DA4123351FFB2C070064A083 /* main.m */,
			);
			path = matterhorn;
			sourceTree = "<group>";
		};
		DA41233D1FFB2C490064A083 /* framework */ = {
			isa = PBXGroup;
			children = (
				DA41234C1FFB32040064A083 /* XYMatterhorn.h */,
				DA4123481FFB309B0064A083 /* internal */,
				DA41233E1FFB2C5D0064A083 /* XYDataBlock.h */,
				DA41233F1FFB2C5D0064A083 /* XYDataBlock.m */,
				DA4123441FFB2CBB0064A083 /* XYDataProtocol.h */,
				DA4123411FFB2C720064A083 /* XYDataContainer.h */,
				DA4123421FFB2C720064A083 /* XYDataContainer.m */,
				DA4123451FFB2D3C0064A083 /* XYDataConstant.h */,
				DA4123461FFB2D3C0064A083 /* XYDataConstant.m */,
			);
			path = framework;
			sourceTree = "<group>";
		};
		DA4123481FFB309B0064A083 /* internal */ = {
			isa = PBXGroup;
			children = (
				DA4123491FFB30CF0064A083 /* XYMergeableObject.h */,
				DA41234A1FFB30CF0064A083 /* XYMergeableObject.m */,
			);
			path = internal;
			sourceTree = "<group>";
		};
/* End PBXGroup section */

/* Begin PBXNativeTarget section */
		DA4123311FFB2C070064A083 /* matterhorn */ = {
			isa = PBXNativeTarget;
			buildConfigurationList = DA4123391FFB2C070064A083 /* Build configuration list for PBXNativeTarget "matterhorn" */;
			buildPhases = (
				DA41232E1FFB2C070064A083 /* Sources */,
				DA41232F1FFB2C070064A083 /* Frameworks */,
				DA4123301FFB2C070064A083 /* CopyFiles */,
			);
			buildRules = (
			);
			dependencies = (
			);
			name = matterhorn;
			productName = matterhorn;
			productReference = DA4123321FFB2C070064A083 /* matterhorn */;
			productType = "com.apple.product-type.tool";
		};
/* End PBXNativeTarget section */

/* Begin PBXProject section */
		DA41232A1FFB2C070064A083 /* Project object */ = {
			isa = PBXProject;
			attributes = {
				LastUpgradeCheck = 0920;
				ORGANIZATIONNAME = hzyuxiaohua;
				TargetAttributes = {
					DA4123311FFB2C070064A083 = {
						CreatedOnToolsVersion = 9.2;
						ProvisioningStyle = Automatic;
					};
				};
			};
			buildConfigurationList = DA41232D1FFB2C070064A083 /* Build configuration list for PBXProject "matterhorn" */;
			compatibilityVersion = "Xcode 8.0";
			developmentRegion = en;
			hasScannedForEncodings = 0;
			knownRegions = (
				en,
			);
			mainGroup = DA4123291FFB2C070064A083;
			productRefGroup = DA4123331FFB2C070064A083 /* Products */;
			projectDirPath = "";
			projectRoot = "";
			targets = (
				DA4123311FFB2C070064A083 /* matterhorn */,
			);
		};
/* End PBXProject section */

/* Begin PBXSourcesBuildPhase section */
		DA41232E1FFB2C070064A083 /* Sources */ = {
			isa = PBXSourcesBuildPhase;
			buildActionMask = 2147483647;
			files = (
				DA4123471FFB2D3C0064A083 /* XYDataConstant.m in Sources */,
				DA4123401FFB2C5D0064A083 /* XYDataBlock.m in Sources */,
				DA4123431FFB2C720064A083 /* XYDataContainer.m in Sources */,
				DA41234B1FFB30CF0064A083 /* XYMergeableObject.m in Sources */,
				DA4123361FFB2C070064A083 /* main.m in Sources */,
			);
			runOnlyForDeploymentPostprocessing = 0;
		};
/* End PBXSourcesBuildPhase section */

/* Begin XCBuildConfiguration section */
		DA4123371FFB2C070064A083 /* Debug */ = {
			isa = XCBuildConfiguration;
			buildSettings = {
				ALWAYS_SEARCH_USER_PATHS = NO;
				CLANG_ANALYZER_NONNULL = YES;
				CLANG_ANALYZER_NUMBER_OBJECT_CONVERSION = YES_AGGRESSIVE;
				CLANG_CXX_LANGUAGE_STANDARD = "gnu++14";
				CLANG_CXX_LIBRARY = "libc++";
				CLANG_ENABLE_MODULES = YES;
				CLANG_ENABLE_OBJC_ARC = YES;
				CLANG_WARN_BLOCK_CAPTURE_AUTORELEASING = YES;
				CLANG_WARN_BOOL_CONVERSION = YES;
				CLANG_WARN_COMMA = YES;
				CLANG_WARN_CONSTANT_CONVERSION = YES;
				CLANG_WARN_DIRECT_OBJC_ISA_USAGE = YES_ERROR;
				CLANG_WARN_DOCUMENTATION_COMMENTS = YES;
				CLANG_WARN_EMPTY_BODY = YES;
				CLANG_WARN_ENUM_CONVERSION = YES;
				CLANG_WARN_INFINITE_RECURSION = YES;
				CLANG_WARN_INT_CONVERSION = YES;
				CLANG_WARN_NON_LITERAL_NULL_CONVERSION = YES;
				CLANG_WARN_OBJC_LITERAL_CONVERSION = YES;
				CLANG_WARN_OBJC_ROOT_CLASS = YES_ERROR;
				CLANG_WARN_RANGE_LOOP_ANALYSIS = YES;
				CLANG_WARN_STRICT_PROTOTYPES = YES;
				CLANG_WARN_SUSPICIOUS_MOVE = YES;
				CLANG_WARN_UNGUARDED_AVAILABILITY = YES_AGGRESSIVE;
				CLANG_WARN_UNREACHABLE_CODE = YES;
				CLANG_WARN__DUPLICATE_METHOD_MATCH = YES;
				CODE_SIGN_IDENTITY = "Mac Developer";
				COPY_PHASE_STRIP = NO;
				DEBUG_INFORMATION_FORMAT = dwarf;
				ENABLE_STRICT_OBJC_MSGSEND = YES;
				ENABLE_TESTABILITY = YES;
				GCC_C_LANGUAGE_STANDARD = gnu11;
				GCC_DYNAMIC_NO_PIC = NO;
				GCC_NO_COMMON_BLOCKS = YES;
				GCC_OPTIMIZATION_LEVEL = 0;
				GCC_PREPROCESSOR_DEFINITIONS = (
					"DEBUG=1",
					"$(inherited)",
				);
				GCC_WARN_64_TO_32_BIT_CONVERSION = YES;
				GCC_WARN_ABOUT_RETURN_TYPE = YES_ERROR;
				GCC_WARN_UNDECLARED_SELECTOR = YES;
				GCC_WARN_UNINITIALIZED_AUTOS = YES_AGGRESSIVE;
				GCC_WARN_UNUSED_FUNCTION = YES;
				GCC_WARN_UNUSED_VARIABLE = YES;
				MACOSX_DEPLOYMENT_TARGET = 10.13;
				MTL_ENABLE_DEBUG_INFO = YES;
				ONLY_ACTIVE_ARCH = YES;
				SDKROOT = macosx;
			};
			name = Debug;
		};
		DA4123381FFB2C070064A083 /* Release */ = {
			isa = XCBuildConfiguration;
			buildSettings = {
				ALWAYS_SEARCH_USER_PATHS = NO;
				CLANG_ANALYZER_NONNULL = YES;
				CLANG_ANALYZER_NUMBER_OBJECT_CONVERSION = YES_AGGRESSIVE;
				CLANG_CXX_LANGUAGE_STANDARD = "gnu++14";
				CLANG_CXX_LIBRARY = "libc++";
				CLANG_ENABLE_MODULES = YES;
				CLANG_ENABLE_OBJC_ARC = YES;
				CLANG_WARN_BLOCK_CAPTURE_AUTORELEASING = YES;
				CLANG_WARN_BOOL_CONVERSION = YES;
				CLANG_WARN_COMMA = YES;
				CLANG_WARN_CONSTANT_CONVERSION = YES;
				CLANG_WARN_DIRECT_OBJC_ISA_USAGE = YES_ERROR;
				CLANG_WARN_DOCUMENTATION_COMMENTS = YES;
				CLANG_WARN_EMPTY_BODY = YES;
				CLANG_WARN_ENUM_CONVERSION = YES;
				CLANG_WARN_INFINITE_RECURSION = YES;
				CLANG_WARN_INT_CONVERSION = YES;
				CLANG_WARN_NON_LITERAL_NULL_CONVERSION = YES;
				CLANG_WARN_OBJC_LITERAL_CONVERSION = YES;
				CLANG_WARN_OBJC_ROOT_CLASS = YES_ERROR;
				CLANG_WARN_RANGE_LOOP_ANALYSIS = YES;
				CLANG_WARN_STRICT_PROTOTYPES = YES;
				CLANG_WARN_SUSPICIOUS_MOVE = YES;
				CLANG_WARN_UNGUARDED_AVAILABILITY = YES_AGGRESSIVE;
				CLANG_WARN_UNREACHABLE_CODE = YES;
				CLANG_WARN__DUPLICATE_METHOD_MATCH = YES;
				CODE_SIGN_IDENTITY = "Mac Developer";
				COPY_PHASE_STRIP = NO;
				DEBUG_INFORMATION_FORMAT = "dwarf-with-dsym";
				ENABLE_NS_ASSERTIONS = NO;
				ENABLE_STRICT_OBJC_MSGSEND = YES;
				GCC_C_LANGUAGE_STANDARD = gnu11;
				GCC_NO_COMMON_BLOCKS = YES;
				GCC_WARN_64_TO_32_BIT_CONVERSION = YES;
				GCC_WARN_ABOUT_RETURN_TYPE = YES_ERROR;
				GCC_WARN_UNDECLARED_SELECTOR = YES;
				GCC_WARN_UNINITIALIZED_AUTOS = YES_AGGRESSIVE;
				GCC_WARN_UNUSED_FUNCTION = YES;
				GCC_WARN_UNUSED_VARIABLE = YES;
				MACOSX_DEPLOYMENT_TARGET = 10.13;
				MTL_ENABLE_DEBUG_INFO = NO;
				SDKROOT = macosx;
			};
			name = Release;
		};
		DA41233A1FFB2C070064A083 /* Debug */ = {
			isa = XCBuildConfiguration;
			buildSettings = {
				CODE_SIGN_STYLE = Automatic;
				DEVELOPMENT_TEAM = 3LH7676BHR;
				PRODUCT_NAME = "$(TARGET_NAME)";
			};
			name = Debug;
		};
		DA41233B1FFB2C070064A083 /* Release */ = {
			isa = XCBuildConfiguration;
			buildSettings = {
				CODE_SIGN_STYLE = Automatic;
				DEVELOPMENT_TEAM = 3LH7676BHR;
				PRODUCT_NAME = "$(TARGET_NAME)";
			};
			name = Release;
		};
/* End XCBuildConfiguration section */

/* Begin XCConfigurationList section */
		DA41232D1FFB2C070064A083 /* Build configuration list for PBXProject "matterhorn" */ = {
			isa = XCConfigurationList;
			buildConfigurations = (
				DA4123371FFB2C070064A083 /* Debug */,
				DA4123381FFB2C070064A083 /* Release */,
			);
			defaultConfigurationIsVisible = 0;
			defaultConfigurationName = Release;
		};
		DA4123391FFB2C070064A083 /* Build configuration list for PBXNativeTarget "matterhorn" */ = {
			isa = XCConfigurationList;
			buildConfigurations = (
				DA41233A1FFB2C070064A083 /* Debug */,
				DA41233B1FFB2C070064A083 /* Release */,
			);
			defaultConfigurationIsVisible = 0;
			defaultConfigurationName = Release;
		};
/* End XCConfigurationList section */
	};
	rootObject = DA41232A1FFB2C070064A083 /* Project object */;
}
